// !$*UTF8*$!
{
	archiveVersion = 1;
	classes = {
	};
	objectVersion = 50;
	objects = {

/* Begin PBXBuildFile section */
		C3AD2456238521110067B5FB /* SwiftyLib.framework in Frameworks */ = {isa = PBXBuildFile; fileRef = C3AD244C238521100067B5FB /* SwiftyLib.framework */; };
		C3AD245B238521110067B5FB /* SwiftyLibTests.swift in Sources */ = {isa = PBXBuildFile; fileRef = C3AD245A238521110067B5FB /* SwiftyLibTests.swift */; };
		C3AD245D238521110067B5FB /* SwiftyLib.h in Headers */ = {isa = PBXBuildFile; fileRef = C3AD244F238521100067B5FB /* SwiftyLib.h */; settings = {ATTRIBUTES = (Public, ); }; };
		C3AD246D2385217A0067B5FB /* AppDelegate.swift in Sources */ = {isa = PBXBuildFile; fileRef = C3AD246C2385217A0067B5FB /* AppDelegate.swift */; };
		C3AD246F2385217A0067B5FB /* SceneDelegate.swift in Sources */ = {isa = PBXBuildFile; fileRef = C3AD246E2385217A0067B5FB /* SceneDelegate.swift */; };
		C3AD24712385217A0067B5FB /* ViewController.swift in Sources */ = {isa = PBXBuildFile; fileRef = C3AD24702385217A0067B5FB /* ViewController.swift */; };
		C3AD24742385217A0067B5FB /* Main.storyboard in Resources */ = {isa = PBXBuildFile; fileRef = C3AD24722385217A0067B5FB /* Main.storyboard */; };
		C3AD24762385217F0067B5FB /* Assets.xcassets in Resources */ = {isa = PBXBuildFile; fileRef = C3AD24752385217F0067B5FB /* Assets.xcassets */; };
		C3AD24792385217F0067B5FB /* LaunchScreen.storyboard in Resources */ = {isa = PBXBuildFile; fileRef = C3AD24772385217F0067B5FB /* LaunchScreen.storyboard */; };
		C3AD24842385217F0067B5FB /* SwiftyLibExamplesTests.swift in Sources */ = {isa = PBXBuildFile; fileRef = C3AD24832385217F0067B5FB /* SwiftyLibExamplesTests.swift */; };
		C3AD248D238525570067B5FB /* SwiftyLib.swift in Sources */ = {isa = PBXBuildFile; fileRef = C3AD248C238525570067B5FB /* SwiftyLib.swift */; };
/* End PBXBuildFile section */

/* Begin PBXContainerItemProxy section */
		C3AD2457238521110067B5FB /* PBXContainerItemProxy */ = {
			isa = PBXContainerItemProxy;
			containerPortal = C3AD2443238521100067B5FB /* Project object */;
			proxyType = 1;
			remoteGlobalIDString = C3AD244B238521100067B5FB;
			remoteInfo = SwiftyLib;
		};
		C3AD24802385217F0067B5FB /* PBXContainerItemProxy */ = {
			isa = PBXContainerItemProxy;
			containerPortal = C3AD2443238521100067B5FB /* Project object */;
			proxyType = 1;
			remoteGlobalIDString = C3AD24692385217A0067B5FB;
			remoteInfo = SwiftyLibExamples;
		};
/* End PBXContainerItemProxy section */

/* Begin PBXFileReference section */
		C3AD244C238521100067B5FB /* SwiftyLib.framework */ = {isa = PBXFileReference; explicitFileType = wrapper.framework; includeInIndex = 0; path = SwiftyLib.framework; sourceTree = BUILT_PRODUCTS_DIR; };
		C3AD244F238521100067B5FB /* SwiftyLib.h */ = {isa = PBXFileReference; lastKnownFileType = sourcecode.c.h; path = SwiftyLib.h; sourceTree = "<group>"; };
		C3AD2450238521100067B5FB /* Info.plist */ = {isa = PBXFileReference; lastKnownFileType = text.plist.xml; path = Info.plist; sourceTree = "<group>"; };
		C3AD2455238521110067B5FB /* SwiftyLibTests.xctest */ = {isa = PBXFileReference; explicitFileType = wrapper.cfbundle; includeInIndex = 0; path = SwiftyLibTests.xctest; sourceTree = BUILT_PRODUCTS_DIR; };
		C3AD245A238521110067B5FB /* SwiftyLibTests.swift */ = {isa = PBXFileReference; lastKnownFileType = sourcecode.swift; path = SwiftyLibTests.swift; sourceTree = "<group>"; };
		C3AD245C238521110067B5FB /* Info.plist */ = {isa = PBXFileReference; lastKnownFileType = text.plist.xml; path = Info.plist; sourceTree = "<group>"; };
		C3AD246A2385217A0067B5FB /* SwiftyLibExamples.app */ = {isa = PBXFileReference; explicitFileType = wrapper.application; includeInIndex = 0; path = SwiftyLibExamples.app; sourceTree = BUILT_PRODUCTS_DIR; };
		C3AD246C2385217A0067B5FB /* AppDelegate.swift */ = {isa = PBXFileReference; lastKnownFileType = sourcecode.swift; path = AppDelegate.swift; sourceTree = "<group>"; };
		C3AD246E2385217A0067B5FB /* SceneDelegate.swift */ = {isa = PBXFileReference; lastKnownFileType = sourcecode.swift; path = SceneDelegate.swift; sourceTree = "<group>"; };
		C3AD24702385217A0067B5FB /* ViewController.swift */ = {isa = PBXFileReference; lastKnownFileType = sourcecode.swift; path = ViewController.swift; sourceTree = "<group>"; };
		C3AD24732385217A0067B5FB /* Base */ = {isa = PBXFileReference; lastKnownFileType = file.storyboard; name = Base; path = Base.lproj/Main.storyboard; sourceTree = "<group>"; };
		C3AD24752385217F0067B5FB /* Assets.xcassets */ = {isa = PBXFileReference; lastKnownFileType = folder.assetcatalog; path = Assets.xcassets; sourceTree = "<group>"; };
		C3AD24782385217F0067B5FB /* Base */ = {isa = PBXFileReference; lastKnownFileType = file.storyboard; name = Base; path = Base.lproj/LaunchScreen.storyboard; sourceTree = "<group>"; };
		C3AD247A2385217F0067B5FB /* Info.plist */ = {isa = PBXFileReference; lastKnownFileType = text.plist.xml; path = Info.plist; sourceTree = "<group>"; };
		C3AD247F2385217F0067B5FB /* SwiftyLibExamplesTests.xctest */ = {isa = PBXFileReference; explicitFileType = wrapper.cfbundle; includeInIndex = 0; path = SwiftyLibExamplesTests.xctest; sourceTree = BUILT_PRODUCTS_DIR; };
		C3AD24832385217F0067B5FB /* SwiftyLibExamplesTests.swift */ = {isa = PBXFileReference; lastKnownFileType = sourcecode.swift; path = SwiftyLibExamplesTests.swift; sourceTree = "<group>"; };
		C3AD24852385217F0067B5FB /* Info.plist */ = {isa = PBXFileReference; lastKnownFileType = text.plist.xml; path = Info.plist; sourceTree = "<group>"; };
		C3AD248C238525570067B5FB /* SwiftyLib.swift */ = {isa = PBXFileReference; lastKnownFileType = sourcecode.swift; path = SwiftyLib.swift; sourceTree = "<group>"; };
/* End PBXFileReference section */

/* Begin PBXFrameworksBuildPhase section */
		C3AD2449238521100067B5FB /* Frameworks */ = {
			isa = PBXFrameworksBuildPhase;
			buildActionMask = 2147483647;
			files = (
			);
			runOnlyForDeploymentPostprocessing = 0;
		};
		C3AD2452238521110067B5FB /* Frameworks */ = {
			isa = PBXFrameworksBuildPhase;
			buildActionMask = 2147483647;
			files = (
				C3AD2456238521110067B5FB /* SwiftyLib.framework in Frameworks */,
			);
			runOnlyForDeploymentPostprocessing = 0;
		};
		C3AD24672385217A0067B5FB /* Frameworks */ = {
			isa = PBXFrameworksBuildPhase;
			buildActionMask = 2147483647;
			files = (
			);
			runOnlyForDeploymentPostprocessing = 0;
		};
		C3AD247C2385217F0067B5FB /* Frameworks */ = {
			isa = PBXFrameworksBuildPhase;
			buildActionMask = 2147483647;
			files = (
			);
			runOnlyForDeploymentPostprocessing = 0;
		};
/* End PBXFrameworksBuildPhase section */

/* Begin PBXGroup section */
		C3AD2442238521100067B5FB = {
			isa = PBXGroup;
			children = (
				C3AD244E238521100067B5FB /* SwiftyLib */,
				C3AD2459238521110067B5FB /* SwiftyLibTests */,
				C3AD246B2385217A0067B5FB /* SwiftyLibExamples */,
				C3AD24822385217F0067B5FB /* SwiftyLibExamplesTests */,
				C3AD244D238521100067B5FB /* Products */,
			);
			sourceTree = "<group>";
		};
		C3AD244D238521100067B5FB /* Products */ = {
			isa = PBXGroup;
			children = (
				C3AD244C238521100067B5FB /* SwiftyLib.framework */,
				C3AD2455238521110067B5FB /* SwiftyLibTests.xctest */,
				C3AD246A2385217A0067B5FB /* SwiftyLibExamples.app */,
				C3AD247F2385217F0067B5FB /* SwiftyLibExamplesTests.xctest */,
			);
			name = Products;
			sourceTree = "<group>";
		};
		C3AD244E238521100067B5FB /* SwiftyLib */ = {
			isa = PBXGroup;
			children = (
				C3AD244F238521100067B5FB /* SwiftyLib.h */,
				C3AD2450238521100067B5FB /* Info.plist */,
				C3AD248C238525570067B5FB /* SwiftyLib.swift */,
			);
			path = SwiftyLib;
			sourceTree = "<group>";
		};
		C3AD2459238521110067B5FB /* SwiftyLibTests */ = {
			isa = PBXGroup;
			children = (
				C3AD245A238521110067B5FB /* SwiftyLibTests.swift */,
				C3AD245C238521110067B5FB /* Info.plist */,
			);
			path = SwiftyLibTests;
			sourceTree = "<group>";
		};
		C3AD246B2385217A0067B5FB /* SwiftyLibExamples */ = {
			isa = PBXGroup;
			children = (
				C3AD246C2385217A0067B5FB /* AppDelegate.swift */,
				C3AD246E2385217A0067B5FB /* SceneDelegate.swift */,
				C3AD24702385217A0067B5FB /* ViewController.swift */,
				C3AD24722385217A0067B5FB /* Main.storyboard */,
				C3AD24752385217F0067B5FB /* Assets.xcassets */,
				C3AD24772385217F0067B5FB /* LaunchScreen.storyboard */,
				C3AD247A2385217F0067B5FB /* Info.plist */,
			);
			path = SwiftyLibExamples;
			sourceTree = "<group>";
		};
		C3AD24822385217F0067B5FB /* SwiftyLibExamplesTests */ = {
			isa = PBXGroup;
			children = (
				C3AD24832385217F0067B5FB /* SwiftyLibExamplesTests.swift */,
				C3AD24852385217F0067B5FB /* Info.plist */,
			);
			path = SwiftyLibExamplesTests;
			sourceTree = "<group>";
		};
/* End PBXGroup section */

/* Begin PBXHeadersBuildPhase section */
		C3AD2447238521100067B5FB /* Headers */ = {
			isa = PBXHeadersBuildPhase;
			buildActionMask = 2147483647;
			files = (
				C3AD245D238521110067B5FB /* SwiftyLib.h in Headers */,
			);
			runOnlyForDeploymentPostprocessing = 0;
		};
/* End PBXHeadersBuildPhase section */

/* Begin PBXNativeTarget section */
		C3AD244B238521100067B5FB /* SwiftyLib */ = {
			isa = PBXNativeTarget;
			buildConfigurationList = C3AD2460238521110067B5FB /* Build configuration list for PBXNativeTarget "SwiftyLib" */;
			buildPhases = (
				C3AD2447238521100067B5FB /* Headers */,
				C3AD2448238521100067B5FB /* Sources */,
				C3AD2449238521100067B5FB /* Frameworks */,
				C3AD244A238521100067B5FB /* Resources */,
			);
			buildRules = (
			);
			dependencies = (
			);
			name = SwiftyLib;
			productName = SwiftyLib;
			productReference = C3AD244C238521100067B5FB /* SwiftyLib.framework */;
			productType = "com.apple.product-type.framework";
		};
		C3AD2454238521110067B5FB /* SwiftyLibTests */ = {
			isa = PBXNativeTarget;
			buildConfigurationList = C3AD2463238521110067B5FB /* Build configuration list for PBXNativeTarget "SwiftyLibTests" */;
			buildPhases = (
				C3AD2451238521110067B5FB /* Sources */,
				C3AD2452238521110067B5FB /* Frameworks */,
				C3AD2453238521110067B5FB /* Resources */,
			);
			buildRules = (
			);
			dependencies = (
				C3AD2458238521110067B5FB /* PBXTargetDependency */,
			);
			name = SwiftyLibTests;
			productName = SwiftyLibTests;
			productReference = C3AD2455238521110067B5FB /* SwiftyLibTests.xctest */;
			productType = "com.apple.product-type.bundle.unit-test";
		};
		C3AD24692385217A0067B5FB /* SwiftyLibExamples */ = {
			isa = PBXNativeTarget;
			buildConfigurationList = C3AD24862385217F0067B5FB /* Build configuration list for PBXNativeTarget "SwiftyLibExamples" */;
			buildPhases = (
				C3AD24662385217A0067B5FB /* Sources */,
				C3AD24672385217A0067B5FB /* Frameworks */,
				C3AD24682385217A0067B5FB /* Resources */,
			);
			buildRules = (
			);
			dependencies = (
			);
			name = SwiftyLibExamples;
			productName = SwiftyLibExamples;
			productReference = C3AD246A2385217A0067B5FB /* SwiftyLibExamples.app */;
			productType = "com.apple.product-type.application";
		};
		C3AD247E2385217F0067B5FB /* SwiftyLibExamplesTests */ = {
			isa = PBXNativeTarget;
			buildConfigurationList = C3AD24892385217F0067B5FB /* Build configuration list for PBXNativeTarget "SwiftyLibExamplesTests" */;
			buildPhases = (
				C3AD247B2385217F0067B5FB /* Sources */,
				C3AD247C2385217F0067B5FB /* Frameworks */,
				C3AD247D2385217F0067B5FB /* Resources */,
			);
			buildRules = (
			);
			dependencies = (
				C3AD24812385217F0067B5FB /* PBXTargetDependency */,
			);
			name = SwiftyLibExamplesTests;
			productName = SwiftyLibExamplesTests;
			productReference = C3AD247F2385217F0067B5FB /* SwiftyLibExamplesTests.xctest */;
			productType = "com.apple.product-type.bundle.unit-test";
		};
/* End PBXNativeTarget section */

/* Begin PBXProject section */
		C3AD2443238521100067B5FB /* Project object */ = {
			isa = PBXProject;
			attributes = {
				LastSwiftUpdateCheck = 1120;
				LastUpgradeCheck = 1120;
				ORGANIZATIONNAME = Vision;
				TargetAttributes = {
					C3AD244B238521100067B5FB = {
						CreatedOnToolsVersion = 11.2.1;
						LastSwiftMigration = 1120;
					};
					C3AD2454238521110067B5FB = {
						CreatedOnToolsVersion = 11.2.1;
					};
					C3AD24692385217A0067B5FB = {
						CreatedOnToolsVersion = 11.2.1;
					};
					C3AD247E2385217F0067B5FB = {
						CreatedOnToolsVersion = 11.2.1;
						TestTargetID = C3AD24692385217A0067B5FB;
					};
				};
			};
			buildConfigurationList = C3AD2446238521100067B5FB /* Build configuration list for PBXProject "SwiftyLib" */;
			compatibilityVersion = "Xcode 9.3";
			developmentRegion = en;
			hasScannedForEncodings = 0;
			knownRegions = (
				en,
				Base,
			);
			mainGroup = C3AD2442238521100067B5FB;
			productRefGroup = C3AD244D238521100067B5FB /* Products */;
			projectDirPath = "";
			projectRoot = "";
			targets = (
				C3AD244B238521100067B5FB /* SwiftyLib */,
				C3AD2454238521110067B5FB /* SwiftyLibTests */,
				C3AD24692385217A0067B5FB /* SwiftyLibExamples */,
				C3AD247E2385217F0067B5FB /* SwiftyLibExamplesTests */,
			);
		};
/* End PBXProject section */

/* Begin PBXResourcesBuildPhase section */
		C3AD244A238521100067B5FB /* Resources */ = {
			isa = PBXResourcesBuildPhase;
			buildActionMask = 2147483647;
			files = (
			);
			runOnlyForDeploymentPostprocessing = 0;
		};
		C3AD2453238521110067B5FB /* Resources */ = {
			isa = PBXResourcesBuildPhase;
			buildActionMask = 2147483647;
			files = (
			);
			runOnlyForDeploymentPostprocessing = 0;
		};
		C3AD24682385217A0067B5FB /* Resources */ = {
			isa = PBXResourcesBuildPhase;
			buildActionMask = 2147483647;
			files = (
				C3AD24792385217F0067B5FB /* LaunchScreen.storyboard in Resources */,
				C3AD24762385217F0067B5FB /* Assets.xcassets in Resources */,
				C3AD24742385217A0067B5FB /* Main.storyboard in Resources */,
			);
			runOnlyForDeploymentPostprocessing = 0;
		};
		C3AD247D2385217F0067B5FB /* Resources */ = {
			isa = PBXResourcesBuildPhase;
			buildActionMask = 2147483647;
			files = (
			);
			runOnlyForDeploymentPostprocessing = 0;
		};
/* End PBXResourcesBuildPhase section */

/* Begin PBXSourcesBuildPhase section */
		C3AD2448238521100067B5FB /* Sources */ = {
			isa = PBXSourcesBuildPhase;
			buildActionMask = 2147483647;
			files = (
				C3AD248D238525570067B5FB /* SwiftyLib.swift in Sources */,
			);
			runOnlyForDeploymentPostprocessing = 0;
		};
		C3AD2451238521110067B5FB /* Sources */ = {
			isa = PBXSourcesBuildPhase;
			buildActionMask = 2147483647;
			files = (
				C3AD245B238521110067B5FB /* SwiftyLibTests.swift in Sources */,
			);
			runOnlyForDeploymentPostprocessing = 0;
		};
		C3AD24662385217A0067B5FB /* Sources */ = {
			isa = PBXSourcesBuildPhase;
			buildActionMask = 2147483647;
			files = (
				C3AD24712385217A0067B5FB /* ViewController.swift in Sources */,
				C3AD246D2385217A0067B5FB /* AppDelegate.swift in Sources */,
				C3AD246F2385217A0067B5FB /* SceneDelegate.swift in Sources */,
			);
			runOnlyForDeploymentPostprocessing = 0;
		};
		C3AD247B2385217F0067B5FB /* Sources */ = {
			isa = PBXSourcesBuildPhase;
			buildActionMask = 2147483647;
			files = (
				C3AD24842385217F0067B5FB /* SwiftyLibExamplesTests.swift in Sources */,
			);
			runOnlyForDeploymentPostprocessing = 0;
		};
/* End PBXSourcesBuildPhase section */

/* Begin PBXTargetDependency section */
		C3AD2458238521110067B5FB /* PBXTargetDependency */ = {
			isa = PBXTargetDependency;
			target = C3AD244B238521100067B5FB /* SwiftyLib */;
			targetProxy = C3AD2457238521110067B5FB /* PBXContainerItemProxy */;
		};
		C3AD24812385217F0067B5FB /* PBXTargetDependency */ = {
			isa = PBXTargetDependency;
			target = C3AD24692385217A0067B5FB /* SwiftyLibExamples */;
			targetProxy = C3AD24802385217F0067B5FB /* PBXContainerItemProxy */;
		};
/* End PBXTargetDependency section */

/* Begin PBXVariantGroup section */
		C3AD24722385217A0067B5FB /* Main.storyboard */ = {
			isa = PBXVariantGroup;
			children = (
				C3AD24732385217A0067B5FB /* Base */,
			);
			name = Main.storyboard;
			sourceTree = "<group>";
		};
		C3AD24772385217F0067B5FB /* LaunchScreen.storyboard */ = {
			isa = PBXVariantGroup;
			children = (
				C3AD24782385217F0067B5FB /* Base */,
			);
			name = LaunchScreen.storyboard;
			sourceTree = "<group>";
		};
/* End PBXVariantGroup section */

/* Begin XCBuildConfiguration section */
		C3AD245E238521110067B5FB /* Debug */ = {
			isa = XCBuildConfiguration;
			buildSettings = {
				ALWAYS_SEARCH_USER_PATHS = NO;
				CLANG_ANALYZER_NONNULL = YES;
				CLANG_ANALYZER_NUMBER_OBJECT_CONVERSION = YES_AGGRESSIVE;
				CLANG_CXX_LANGUAGE_STANDARD = "gnu++14";
				CLANG_CXX_LIBRARY = "libc++";
				CLANG_ENABLE_MODULES = YES;
				CLANG_ENABLE_OBJC_ARC = YES;
				CLANG_ENABLE_OBJC_WEAK = YES;
				CLANG_WARN_BLOCK_CAPTURE_AUTORELEASING = YES;
				CLANG_WARN_BOOL_CONVERSION = YES;
				CLANG_WARN_COMMA = YES;
				CLANG_WARN_CONSTANT_CONVERSION = YES;
				CLANG_WARN_DEPRECATED_OBJC_IMPLEMENTATIONS = YES;
				CLANG_WARN_DIRECT_OBJC_ISA_USAGE = YES_ERROR;
				CLANG_WARN_DOCUMENTATION_COMMENTS = YES;
				CLANG_WARN_EMPTY_BODY = YES;
				CLANG_WARN_ENUM_CONVERSION = YES;
				CLANG_WARN_INFINITE_RECURSION = YES;
				CLANG_WARN_INT_CONVERSION = YES;
				CLANG_WARN_NON_LITERAL_NULL_CONVERSION = YES;
				CLANG_WARN_OBJC_IMPLICIT_RETAIN_SELF = YES;
				CLANG_WARN_OBJC_LITERAL_CONVERSION = YES;
				CLANG_WARN_OBJC_ROOT_CLASS = YES_ERROR;
				CLANG_WARN_RANGE_LOOP_ANALYSIS = YES;
				CLANG_WARN_STRICT_PROTOTYPES = YES;
				CLANG_WARN_SUSPICIOUS_MOVE = YES;
				CLANG_WARN_UNGUARDED_AVAILABILITY = YES_AGGRESSIVE;
				CLANG_WARN_UNREACHABLE_CODE = YES;
				CLANG_WARN__DUPLICATE_METHOD_MATCH = YES;
				COPY_PHASE_STRIP = NO;
				CURRENT_PROJECT_VERSION = 1;
				DEBUG_INFORMATION_FORMAT = dwarf;
				ENABLE_STRICT_OBJC_MSGSEND = YES;
				ENABLE_TESTABILITY = YES;
				GCC_C_LANGUAGE_STANDARD = gnu11;
				GCC_DYNAMIC_NO_PIC = NO;
				GCC_NO_COMMON_BLOCKS = YES;
				GCC_OPTIMIZATION_LEVEL = 0;
				GCC_PREPROCESSOR_DEFINITIONS = (
					"DEBUG=1",
					"$(inherited)",
				);
				GCC_WARN_64_TO_32_BIT_CONVERSION = YES;
				GCC_WARN_ABOUT_RETURN_TYPE = YES_ERROR;
				GCC_WARN_UNDECLARED_SELECTOR = YES;
				GCC_WARN_UNINITIALIZED_AUTOS = YES_AGGRESSIVE;
				GCC_WARN_UNUSED_FUNCTION = YES;
				GCC_WARN_UNUSED_VARIABLE = YES;
				IPHONEOS_DEPLOYMENT_TARGET = 13.2;
				MTL_ENABLE_DEBUG_INFO = INCLUDE_SOURCE;
				MTL_FAST_MATH = YES;
				ONLY_ACTIVE_ARCH = YES;
				SDKROOT = iphoneos;
				SWIFT_ACTIVE_COMPILATION_CONDITIONS = DEBUG;
				SWIFT_OPTIMIZATION_LEVEL = "-Onone";
				VERSIONING_SYSTEM = "apple-generic";
				VERSION_INFO_PREFIX = "";
			};
			name = Debug;
		};
		C3AD245F238521110067B5FB /* Release */ = {
			isa = XCBuildConfiguration;
			buildSettings = {
				ALWAYS_SEARCH_USER_PATHS = NO;
				CLANG_ANALYZER_NONNULL = YES;
				CLANG_ANALYZER_NUMBER_OBJECT_CONVERSION = YES_AGGRESSIVE;
				CLANG_CXX_LANGUAGE_STANDARD = "gnu++14";
				CLANG_CXX_LIBRARY = "libc++";
				CLANG_ENABLE_MODULES = YES;
				CLANG_ENABLE_OBJC_ARC = YES;
				CLANG_ENABLE_OBJC_WEAK = YES;
				CLANG_WARN_BLOCK_CAPTURE_AUTORELEASING = YES;
				CLANG_WARN_BOOL_CONVERSION = YES;
				CLANG_WARN_COMMA = YES;
				CLANG_WARN_CONSTANT_CONVERSION = YES;
				CLANG_WARN_DEPRECATED_OBJC_IMPLEMENTATIONS = YES;
				CLANG_WARN_DIRECT_OBJC_ISA_USAGE = YES_ERROR;
				CLANG_WARN_DOCUMENTATION_COMMENTS = YES;
				CLANG_WARN_EMPTY_BODY = YES;
				CLANG_WARN_ENUM_CONVERSION = YES;
				CLANG_WARN_INFINITE_RECURSION = YES;
				CLANG_WARN_INT_CONVERSION = YES;
				CLANG_WARN_NON_LITERAL_NULL_CONVERSION = YES;
				CLANG_WARN_OBJC_IMPLICIT_RETAIN_SELF = YES;
				CLANG_WARN_OBJC_LITERAL_CONVERSION = YES;
				CLANG_WARN_OBJC_ROOT_CLASS = YES_ERROR;
				CLANG_WARN_RANGE_LOOP_ANALYSIS = YES;
				CLANG_WARN_STRICT_PROTOTYPES = YES;
				CLANG_WARN_SUSPICIOUS_MOVE = YES;
				CLANG_WARN_UNGUARDED_AVAILABILITY = YES_AGGRESSIVE;
				CLANG_WARN_UNREACHABLE_CODE = YES;
				CLANG_WARN__DUPLICATE_METHOD_MATCH = YES;
				COPY_PHASE_STRIP = NO;
				CURRENT_PROJECT_VERSION = 1;
				DEBUG_INFORMATION_FORMAT = "dwarf-with-dsym";
				ENABLE_NS_ASSERTIONS = NO;
				ENABLE_STRICT_OBJC_MSGSEND = YES;
				GCC_C_LANGUAGE_STANDARD = gnu11;
				GCC_NO_COMMON_BLOCKS = YES;
				GCC_WARN_64_TO_32_BIT_CONVERSION = YES;
				GCC_WARN_ABOUT_RETURN_TYPE = YES_ERROR;
				GCC_WARN_UNDECLARED_SELECTOR = YES;
				GCC_WARN_UNINITIALIZED_AUTOS = YES_AGGRESSIVE;
				GCC_WARN_UNUSED_FUNCTION = YES;
				GCC_WARN_UNUSED_VARIABLE = YES;
				IPHONEOS_DEPLOYMENT_TARGET = 13.2;
				MTL_ENABLE_DEBUG_INFO = NO;
				MTL_FAST_MATH = YES;
				SDKROOT = iphoneos;
				SWIFT_COMPILATION_MODE = wholemodule;
				SWIFT_OPTIMIZATION_LEVEL = "-O";
				VALIDATE_PRODUCT = YES;
				VERSIONING_SYSTEM = "apple-generic";
				VERSION_INFO_PREFIX = "";
			};
			name = Release;
		};
		C3AD2461238521110067B5FB /* Debug */ = {
			isa = XCBuildConfiguration;
			buildSettings = {
				CLANG_ENABLE_MODULES = YES;
				CODE_SIGN_STYLE = Automatic;
				DEFINES_MODULE = YES;
				DYLIB_COMPATIBILITY_VERSION = 1;
				DYLIB_CURRENT_VERSION = 1;
				DYLIB_INSTALL_NAME_BASE = "@rpath";
				INFOPLIST_FILE = SwiftyLib/Info.plist;
				INSTALL_PATH = "$(LOCAL_LIBRARY_DIR)/Frameworks";
				LD_RUNPATH_SEARCH_PATHS = (
					"$(inherited)",
					"@executable_path/Frameworks",
					"@loader_path/Frameworks",
				);
				PRODUCT_BUNDLE_IDENTIFIER = com.thanhnm.SwiftyLib;
				PRODUCT_NAME = "$(TARGET_NAME:c99extidentifier)";
				SKIP_INSTALL = YES;
				SUPPORTS_MACCATALYST = YES;
				SWIFT_OPTIMIZATION_LEVEL = "-Onone";
				SWIFT_VERSION = 5.0;
				TARGETED_DEVICE_FAMILY = "1,2";
			};
			name = Debug;
		};
		C3AD2462238521110067B5FB /* Release */ = {
			isa = XCBuildConfiguration;
			buildSettings = {
				CLANG_ENABLE_MODULES = YES;
				CODE_SIGN_STYLE = Automatic;
				DEFINES_MODULE = YES;
				DYLIB_COMPATIBILITY_VERSION = 1;
				DYLIB_CURRENT_VERSION = 1;
				DYLIB_INSTALL_NAME_BASE = "@rpath";
				INFOPLIST_FILE = SwiftyLib/Info.plist;
				INSTALL_PATH = "$(LOCAL_LIBRARY_DIR)/Frameworks";
				LD_RUNPATH_SEARCH_PATHS = (
					"$(inherited)",
					"@executable_path/Frameworks",
					"@loader_path/Frameworks",
				);
				PRODUCT_BUNDLE_IDENTIFIER = com.thanhnm.SwiftyLib;
				PRODUCT_NAME = "$(TARGET_NAME:c99extidentifier)";
				SKIP_INSTALL = YES;
				SUPPORTS_MACCATALYST = YES;
				SWIFT_VERSION = 5.0;
				TARGETED_DEVICE_FAMILY = "1,2";
			};
			name = Release;
		};
		C3AD2464238521110067B5FB /* Debug */ = {
			isa = XCBuildConfiguration;
			buildSettings = {
				ALWAYS_EMBED_SWIFT_STANDARD_LIBRARIES = YES;
				CODE_SIGN_STYLE = Automatic;
				INFOPLIST_FILE = SwiftyLibTests/Info.plist;
				LD_RUNPATH_SEARCH_PATHS = (
					"$(inherited)",
					"@executable_path/Frameworks",
					"@loader_path/Frameworks",
				);
				PRODUCT_BUNDLE_IDENTIFIER = com.thanhnm.SwiftyLibTests;
				PRODUCT_NAME = "$(TARGET_NAME)";
				SWIFT_VERSION = 5.0;
				TARGETED_DEVICE_FAMILY = "1,2";
			};
			name = Debug;
		};
		C3AD2465238521110067B5FB /* Release */ = {
			isa = XCBuildConfiguration;
			buildSettings = {
				ALWAYS_EMBED_SWIFT_STANDARD_LIBRARIES = YES;
				CODE_SIGN_STYLE = Automatic;
				INFOPLIST_FILE = SwiftyLibTests/Info.plist;
				LD_RUNPATH_SEARCH_PATHS = (
					"$(inherited)",
					"@executable_path/Frameworks",
					"@loader_path/Frameworks",
				);
				PRODUCT_BUNDLE_IDENTIFIER = com.thanhnm.SwiftyLibTests;
				PRODUCT_NAME = "$(TARGET_NAME)";
				SWIFT_VERSION = 5.0;
				TARGETED_DEVICE_FAMILY = "1,2";
			};
			name = Release;
		};
		C3AD24872385217F0067B5FB /* Debug */ = {
			isa = XCBuildConfiguration;
			buildSettings = {
				ASSETCATALOG_COMPILER_APPICON_NAME = AppIcon;
				CODE_SIGN_STYLE = Automatic;
				INFOPLIST_FILE = SwiftyLibExamples/Info.plist;
				LD_RUNPATH_SEARCH_PATHS = (
					"$(inherited)",
					"@executable_path/Frameworks",
				);
				PRODUCT_BUNDLE_IDENTIFIER = com.thanhnm.SwiftyLibExamples;
				PRODUCT_NAME = "$(TARGET_NAME)";
				SWIFT_VERSION = 5.0;
				TARGETED_DEVICE_FAMILY = "1,2";
			};
			name = Debug;
		};
		C3AD24882385217F0067B5FB /* Release */ = {
			isa = XCBuildConfiguration;
			buildSettings = {
				ASSETCATALOG_COMPILER_APPICON_NAME = AppIcon;
				CODE_SIGN_STYLE = Automatic;
				INFOPLIST_FILE = SwiftyLibExamples/Info.plist;
				LD_RUNPATH_SEARCH_PATHS = (
					"$(inherited)",
					"@executable_path/Frameworks",
				);
				PRODUCT_BUNDLE_IDENTIFIER = com.thanhnm.SwiftyLibExamples;
				PRODUCT_NAME = "$(TARGET_NAME)";
				SWIFT_VERSION = 5.0;
				TARGETED_DEVICE_FAMILY = "1,2";
			};
			name = Release;
		};
		C3AD248A2385217F0067B5FB /* Debug */ = {
			isa = XCBuildConfiguration;
			buildSettings = {
				ALWAYS_EMBED_SWIFT_STANDARD_LIBRARIES = YES;
				BUNDLE_LOADER = "$(TEST_HOST)";
				CODE_SIGN_STYLE = Automatic;
				INFOPLIST_FILE = SwiftyLibExamplesTests/Info.plist;
				IPHONEOS_DEPLOYMENT_TARGET = 13.2;
				LD_RUNPATH_SEARCH_PATHS = (
					"$(inherited)",
					"@executable_path/Frameworks",
					"@loader_path/Frameworks",
				);
				PRODUCT_BUNDLE_IDENTIFIER = com.thanhnm.SwiftyLibExamplesTests;
				PRODUCT_NAME = "$(TARGET_NAME)";
				SWIFT_VERSION = 5.0;
				TARGETED_DEVICE_FAMILY = "1,2";
				TEST_HOST = "$(BUILT_PRODUCTS_DIR)/SwiftyLibExamples.app/SwiftyLibExamples";
			};
			name = Debug;
		};
		C3AD248B2385217F0067B5FB /* Release */ = {
			isa = XCBuildConfiguration;
			buildSettings = {
				ALWAYS_EMBED_SWIFT_STANDARD_LIBRARIES = YES;
				BUNDLE_LOADER = "$(TEST_HOST)";
				CODE_SIGN_STYLE = Automatic;
				INFOPLIST_FILE = SwiftyLibExamplesTests/Info.plist;
				IPHONEOS_DEPLOYMENT_TARGET = 13.2;
				LD_RUNPATH_SEARCH_PATHS = (
					"$(inherited)",
					"@executable_path/Frameworks",
					"@loader_path/Frameworks",
				);
				PRODUCT_BUNDLE_IDENTIFIER = com.thanhnm.SwiftyLibExamplesTests;
				PRODUCT_NAME = "$(TARGET_NAME)";
				SWIFT_VERSION = 5.0;
				TARGETED_DEVICE_FAMILY = "1,2";
				TEST_HOST = "$(BUILT_PRODUCTS_DIR)/SwiftyLibExamples.app/SwiftyLibExamples";
			};
			name = Release;
		};
/* End XCBuildConfiguration section */

/* Begin XCConfigurationList section */
		C3AD2446238521100067B5FB /* Build configuration list for PBXProject "SwiftyLib" */ = {
			isa = XCConfigurationList;
			buildConfigurations = (
				C3AD245E238521110067B5FB /* Debug */,
				C3AD245F238521110067B5FB /* Release */,
			);
			defaultConfigurationIsVisible = 0;
			defaultConfigurationName = Release;
		};
		C3AD2460238521110067B5FB /* Build configuration list for PBXNativeTarget "SwiftyLib" */ = {
			isa = XCConfigurationList;
			buildConfigurations = (
				C3AD2461238521110067B5FB /* Debug */,
				C3AD2462238521110067B5FB /* Release */,
			);
			defaultConfigurationIsVisible = 0;
			defaultConfigurationName = Release;
		};
		C3AD2463238521110067B5FB /* Build configuration list for PBXNativeTarget "SwiftyLibTests" */ = {
			isa = XCConfigurationList;
			buildConfigurations = (
				C3AD2464238521110067B5FB /* Debug */,
				C3AD2465238521110067B5FB /* Release */,
			);
			defaultConfigurationIsVisible = 0;
			defaultConfigurationName = Release;
		};
		C3AD24862385217F0067B5FB /* Build configuration list for PBXNativeTarget "SwiftyLibExamples" */ = {
			isa = XCConfigurationList;
			buildConfigurations = (
				C3AD24872385217F0067B5FB /* Debug */,
				C3AD24882385217F0067B5FB /* Release */,
			);
			defaultConfigurationIsVisible = 0;
			defaultConfigurationName = Release;
		};
		C3AD24892385217F0067B5FB /* Build configuration list for PBXNativeTarget "SwiftyLibExamplesTests" */ = {
			isa = XCConfigurationList;
			buildConfigurations = (
				C3AD248A2385217F0067B5FB /* Debug */,
				C3AD248B2385217F0067B5FB /* Release */,
			);
			defaultConfigurationIsVisible = 0;
			defaultConfigurationName = Release;
		};
/* End XCConfigurationList section */
	};
	rootObject = C3AD2443238521100067B5FB /* Project object */;
}
